// !$*UTF8*$!
{
	archiveVersion = 1;
	classes = {
	};
	objectVersion = 46;
	objects = {

/* Begin PBXBuildFile section */
		F59CEA6015824AAB0092948E /* Trip.m in Sources */ = {isa = PBXBuildFile; fileRef = F59CEA5F15824AAB0092948E /* Trip.m */; };
		F59CEA6415824C190092948E /* MainTripViewController.m in Sources */ = {isa = PBXBuildFile; fileRef = F59CEA6315824C190092948E /* MainTripViewController.m */; };
		F59CEA6715824D760092948E /* TripDetailViewController.m in Sources */ = {isa = PBXBuildFile; fileRef = F59CEA6615824D760092948E /* TripDetailViewController.m */; };
		F59CEA691582510F0092948E /* bg_sand.png in Resources */ = {isa = PBXBuildFile; fileRef = F59CEA681582510F0092948E /* bg_sand.png */; };
		F59CEA6D158251B20092948E /* surf_gradient_textured_32.png in Resources */ = {isa = PBXBuildFile; fileRef = F59CEA6B158251B20092948E /* surf_gradient_textured_32.png */; };
		F59CEA6E158251B20092948E /* surf_gradient_textured_44.png in Resources */ = {isa = PBXBuildFile; fileRef = F59CEA6C158251B20092948E /* surf_gradient_textured_44.png */; };
		F59CEA71158256FB0092948E /* button_back_textured_24.png in Resources */ = {isa = PBXBuildFile; fileRef = F59CEA6F158256FB0092948E /* button_back_textured_24.png */; };
		F59CEA72158256FB0092948E /* button_back_textured_30.png in Resources */ = {isa = PBXBuildFile; fileRef = F59CEA70158256FB0092948E /* button_back_textured_30.png */; };
		F59CEA75158258560092948E /* button_textured_24.png in Resources */ = {isa = PBXBuildFile; fileRef = F59CEA73158258560092948E /* button_textured_24.png */; };
		F59CEA76158258560092948E /* button_textured_30.png in Resources */ = {isa = PBXBuildFile; fileRef = F59CEA74158258560092948E /* button_textured_30.png */; };
		F59CEA7915825B2B0092948E /* tab_bg.png in Resources */ = {isa = PBXBuildFile; fileRef = F59CEA7715825B2B0092948E /* tab_bg.png */; };
		F59CEA7A15825B2B0092948E /* tab_select_indicator.png in Resources */ = {isa = PBXBuildFile; fileRef = F59CEA7815825B2B0092948E /* tab_select_indicator.png */; };
		F59CEA8115825E130092948E /* slider_maximum.png in Resources */ = {isa = PBXBuildFile; fileRef = F59CEA7F15825E130092948E /* slider_maximum.png */; };
		F59CEA8215825E130092948E /* slider_minimum.png in Resources */ = {isa = PBXBuildFile; fileRef = F59CEA8015825E130092948E /* slider_minimum.png */; };
		F59CEA8415825ECB0092948E /* thumb.png in Resources */ = {isa = PBXBuildFile; fileRef = F59CEA8315825ECB0092948E /* thumb.png */; };
		F59CEA8A1582600F0092948E /* segcontrol_sel-uns.png in Resources */ = {isa = PBXBuildFile; fileRef = F59CEA851582600F0092948E /* segcontrol_sel-uns.png */; };
		F59CEA8B1582600F0092948E /* segcontrol_sel.png in Resources */ = {isa = PBXBuildFile; fileRef = F59CEA861582600F0092948E /* segcontrol_sel.png */; };
		F59CEA8C1582600F0092948E /* segcontrol_uns-sel.png in Resources */ = {isa = PBXBuildFile; fileRef = F59CEA871582600F0092948E /* segcontrol_uns-sel.png */; };
		F59CEA8D1582600F0092948E /* segcontrol_uns-uns.png in Resources */ = {isa = PBXBuildFile; fileRef = F59CEA881582600F0092948E /* segcontrol_uns-uns.png */; };
		F59CEA8E1582600F0092948E /* segcontrol_uns.png in Resources */ = {isa = PBXBuildFile; fileRef = F59CEA891582600F0092948E /* segcontrol_uns.png */; };
		F59CEA92158264C70092948E /* text_field_teal.png in Resources */ = {isa = PBXBuildFile; fileRef = F59CEA91158264C70092948E /* text_field_teal.png */; };
		F5BDB0931581A5B70002DCB3 /* UIKit.framework in Frameworks */ = {isa = PBXBuildFile; fileRef = F5BDB0921581A5B70002DCB3 /* UIKit.framework */; };
		F5BDB0951581A5B70002DCB3 /* Foundation.framework in Frameworks */ = {isa = PBXBuildFile; fileRef = F5BDB0941581A5B70002DCB3 /* Foundation.framework */; };
		F5BDB0971581A5B70002DCB3 /* CoreGraphics.framework in Frameworks */ = {isa = PBXBuildFile; fileRef = F5BDB0961581A5B70002DCB3 /* CoreGraphics.framework */; };
		F5BDB09D1581A5B70002DCB3 /* InfoPlist.strings in Resources */ = {isa = PBXBuildFile; fileRef = F5BDB09B1581A5B70002DCB3 /* InfoPlist.strings */; };
		F5BDB09F1581A5B70002DCB3 /* main.m in Sources */ = {isa = PBXBuildFile; fileRef = F5BDB09E1581A5B70002DCB3 /* main.m */; };
		F5BDB0A31581A5B70002DCB3 /* AppDelegate.m in Sources */ = {isa = PBXBuildFile; fileRef = F5BDB0A21581A5B70002DCB3 /* AppDelegate.m */; };
		F5BDB0A61581A5B70002DCB3 /* MainStoryboard.storyboard in Resources */ = {isa = PBXBuildFile; fileRef = F5BDB0A41581A5B70002DCB3 /* MainStoryboard.storyboard */; };
		F5C61EC61586D4A800BCB459 /* CustomTextField.m in Sources */ = {isa = PBXBuildFile; fileRef = F59CEA901582641F0092948E /* CustomTextField.m */; };
/* End PBXBuildFile section */

/* Begin PBXFileReference section */
		F59CEA5E15824AAB0092948E /* Trip.h */ = {isa = PBXFileReference; fileEncoding = 4; lastKnownFileType = sourcecode.c.h; path = Trip.h; sourceTree = "<group>"; };
		F59CEA5F15824AAB0092948E /* Trip.m */ = {isa = PBXFileReference; fileEncoding = 4; lastKnownFileType = sourcecode.c.objc; path = Trip.m; sourceTree = "<group>"; };
		F59CEA6215824C190092948E /* MainTripViewController.h */ = {isa = PBXFileReference; fileEncoding = 4; lastKnownFileType = sourcecode.c.h; path = MainTripViewController.h; sourceTree = "<group>"; };
		F59CEA6315824C190092948E /* MainTripViewController.m */ = {isa = PBXFileReference; fileEncoding = 4; lastKnownFileType = sourcecode.c.objc; path = MainTripViewController.m; sourceTree = "<group>"; };
		F59CEA6515824D760092948E /* TripDetailViewController.h */ = {isa = PBXFileReference; fileEncoding = 4; lastKnownFileType = sourcecode.c.h; path = TripDetailViewController.h; sourceTree = "<group>"; };
		F59CEA6615824D760092948E /* TripDetailViewController.m */ = {isa = PBXFileReference; fileEncoding = 4; lastKnownFileType = sourcecode.c.objc; path = TripDetailViewController.m; sourceTree = "<group>"; };
		F59CEA681582510F0092948E /* bg_sand.png */ = {isa = PBXFileReference; lastKnownFileType = image.png; path = bg_sand.png; sourceTree = "<group>"; };
		F59CEA6B158251B20092948E /* surf_gradient_textured_32.png */ = {isa = PBXFileReference; lastKnownFileType = image.png; path = surf_gradient_textured_32.png; sourceTree = "<group>"; };
		F59CEA6C158251B20092948E /* surf_gradient_textured_44.png */ = {isa = PBXFileReference; lastKnownFileType = image.png; path = surf_gradient_textured_44.png; sourceTree = "<group>"; };
		F59CEA6F158256FB0092948E /* button_back_textured_24.png */ = {isa = PBXFileReference; lastKnownFileType = image.png; path = button_back_textured_24.png; sourceTree = "<group>"; };
		F59CEA70158256FB0092948E /* button_back_textured_30.png */ = {isa = PBXFileReference; lastKnownFileType = image.png; path = button_back_textured_30.png; sourceTree = "<group>"; };
		F59CEA73158258560092948E /* button_textured_24.png */ = {isa = PBXFileReference; lastKnownFileType = image.png; path = button_textured_24.png; sourceTree = "<group>"; };
		F59CEA74158258560092948E /* button_textured_30.png */ = {isa = PBXFileReference; lastKnownFileType = image.png; path = button_textured_30.png; sourceTree = "<group>"; };
		F59CEA7715825B2B0092948E /* tab_bg.png */ = {isa = PBXFileReference; lastKnownFileType = image.png; path = tab_bg.png; sourceTree = "<group>"; };
		F59CEA7815825B2B0092948E /* tab_select_indicator.png */ = {isa = PBXFileReference; lastKnownFileType = image.png; path = tab_select_indicator.png; sourceTree = "<group>"; };
		F59CEA7F15825E130092948E /* slider_maximum.png */ = {isa = PBXFileReference; lastKnownFileType = image.png; path = slider_maximum.png; sourceTree = "<group>"; };
		F59CEA8015825E130092948E /* slider_minimum.png */ = {isa = PBXFileReference; lastKnownFileType = image.png; path = slider_minimum.png; sourceTree = "<group>"; };
		F59CEA8315825ECB0092948E /* thumb.png */ = {isa = PBXFileReference; lastKnownFileType = image.png; path = thumb.png; sourceTree = "<group>"; };
		F59CEA851582600F0092948E /* segcontrol_sel-uns.png */ = {isa = PBXFileReference; lastKnownFileType = image.png; path = "segcontrol_sel-uns.png"; sourceTree = "<group>"; };
		F59CEA861582600F0092948E /* segcontrol_sel.png */ = {isa = PBXFileReference; lastKnownFileType = image.png; path = segcontrol_sel.png; sourceTree = "<group>"; };
		F59CEA871582600F0092948E /* segcontrol_uns-sel.png */ = {isa = PBXFileReference; lastKnownFileType = image.png; path = "segcontrol_uns-sel.png"; sourceTree = "<group>"; };
		F59CEA881582600F0092948E /* segcontrol_uns-uns.png */ = {isa = PBXFileReference; lastKnownFileType = image.png; path = "segcontrol_uns-uns.png"; sourceTree = "<group>"; };
		F59CEA891582600F0092948E /* segcontrol_uns.png */ = {isa = PBXFileReference; lastKnownFileType = image.png; path = segcontrol_uns.png; sourceTree = "<group>"; };
		F59CEA8F1582641F0092948E /* CustomTextField.h */ = {isa = PBXFileReference; lastKnownFileType = sourcecode.c.h; path = CustomTextField.h; sourceTree = "<group>"; };
		F59CEA901582641F0092948E /* CustomTextField.m */ = {isa = PBXFileReference; lastKnownFileType = sourcecode.c.objc; path = CustomTextField.m; sourceTree = "<group>"; };
		F59CEA91158264C70092948E /* text_field_teal.png */ = {isa = PBXFileReference; lastKnownFileType = image.png; path = text_field_teal.png; sourceTree = "<group>"; };
		F5BDB08E1581A5B70002DCB3 /* Surfs Up (Danny).app */ = {isa = PBXFileReference; explicitFileType = wrapper.application; includeInIndex = 0; path = "Surfs Up (Danny).app"; sourceTree = BUILT_PRODUCTS_DIR; };
		F5BDB0921581A5B70002DCB3 /* UIKit.framework */ = {isa = PBXFileReference; lastKnownFileType = wrapper.framework; name = UIKit.framework; path = System/Library/Frameworks/UIKit.framework; sourceTree = SDKROOT; };
		F5BDB0941581A5B70002DCB3 /* Foundation.framework */ = {isa = PBXFileReference; lastKnownFileType = wrapper.framework; name = Foundation.framework; path = System/Library/Frameworks/Foundation.framework; sourceTree = SDKROOT; };
		F5BDB0961581A5B70002DCB3 /* CoreGraphics.framework */ = {isa = PBXFileReference; lastKnownFileType = wrapper.framework; name = CoreGraphics.framework; path = System/Library/Frameworks/CoreGraphics.framework; sourceTree = SDKROOT; };
		F5BDB09A1581A5B70002DCB3 /* Surfs Up (Danny)-Info.plist */ = {isa = PBXFileReference; lastKnownFileType = text.plist.xml; path = "Surfs Up (Danny)-Info.plist"; sourceTree = "<group>"; };
		F5BDB09C1581A5B70002DCB3 /* en */ = {isa = PBXFileReference; lastKnownFileType = text.plist.strings; name = en; path = en.lproj/InfoPlist.strings; sourceTree = "<group>"; };
		F5BDB09E1581A5B70002DCB3 /* main.m */ = {isa = PBXFileReference; lastKnownFileType = sourcecode.c.objc; path = main.m; sourceTree = "<group>"; };
		F5BDB0A01581A5B70002DCB3 /* Surfs Up (Danny)-Prefix.pch */ = {isa = PBXFileReference; lastKnownFileType = sourcecode.c.h; path = "Surfs Up (Danny)-Prefix.pch"; sourceTree = "<group>"; };
		F5BDB0A11581A5B70002DCB3 /* AppDelegate.h */ = {isa = PBXFileReference; lastKnownFileType = sourcecode.c.h; path = AppDelegate.h; sourceTree = "<group>"; };
		F5BDB0A21581A5B70002DCB3 /* AppDelegate.m */ = {isa = PBXFileReference; lastKnownFileType = sourcecode.c.objc; path = AppDelegate.m; sourceTree = "<group>"; };
		F5BDB0A51581A5B70002DCB3 /* en */ = {isa = PBXFileReference; lastKnownFileType = file.storyboard; name = en; path = en.lproj/MainStoryboard.storyboard; sourceTree = "<group>"; };
/* End PBXFileReference section */

/* Begin PBXFrameworksBuildPhase section */
		F5BDB08B1581A5B70002DCB3 /* Frameworks */ = {
			isa = PBXFrameworksBuildPhase;
			buildActionMask = 2147483647;
			files = (
				F5BDB0931581A5B70002DCB3 /* UIKit.framework in Frameworks */,
				F5BDB0951581A5B70002DCB3 /* Foundation.framework in Frameworks */,
				F5BDB0971581A5B70002DCB3 /* CoreGraphics.framework in Frameworks */,
			);
			runOnlyForDeploymentPostprocessing = 0;
		};
/* End PBXFrameworksBuildPhase section */

/* Begin PBXGroup section */
		F59CEA6A158251150092948E /* Images */ = {
			isa = PBXGroup;
			children = (
				F59CEA91158264C70092948E /* text_field_teal.png */,
				F59CEA851582600F0092948E /* segcontrol_sel-uns.png */,
				F59CEA861582600F0092948E /* segcontrol_sel.png */,
				F59CEA871582600F0092948E /* segcontrol_uns-sel.png */,
				F59CEA881582600F0092948E /* segcontrol_uns-uns.png */,
				F59CEA891582600F0092948E /* segcontrol_uns.png */,
				F59CEA8315825ECB0092948E /* thumb.png */,
				F59CEA7F15825E130092948E /* slider_maximum.png */,
				F59CEA8015825E130092948E /* slider_minimum.png */,
				F59CEA7715825B2B0092948E /* tab_bg.png */,
				F59CEA7815825B2B0092948E /* tab_select_indicator.png */,
				F59CEA73158258560092948E /* button_textured_24.png */,
				F59CEA74158258560092948E /* button_textured_30.png */,
				F59CEA6F158256FB0092948E /* button_back_textured_24.png */,
				F59CEA70158256FB0092948E /* button_back_textured_30.png */,
				F59CEA6B158251B20092948E /* surf_gradient_textured_32.png */,
				F59CEA6C158251B20092948E /* surf_gradient_textured_44.png */,
				F59CEA681582510F0092948E /* bg_sand.png */,
			);
			name = Images;
			sourceTree = "<group>";
		};
		F5BDB0831581A5B70002DCB3 = {
			isa = PBXGroup;
			children = (
				F5BDB0981581A5B70002DCB3 /* Surfs Up (Danny) */,
				F5BDB0911581A5B70002DCB3 /* Frameworks */,
				F5BDB08F1581A5B70002DCB3 /* Products */,
			);
			sourceTree = "<group>";
		};
		F5BDB08F1581A5B70002DCB3 /* Products */ = {
			isa = PBXGroup;
			children = (
				F5BDB08E1581A5B70002DCB3 /* Surfs Up (Danny).app */,
			);
			name = Products;
			sourceTree = "<group>";
		};
		F5BDB0911581A5B70002DCB3 /* Frameworks */ = {
			isa = PBXGroup;
			children = (
				F5BDB0921581A5B70002DCB3 /* UIKit.framework */,
				F5BDB0941581A5B70002DCB3 /* Foundation.framework */,
				F5BDB0961581A5B70002DCB3 /* CoreGraphics.framework */,
			);
			name = Frameworks;
			sourceTree = "<group>";
		};
		F5BDB0981581A5B70002DCB3 /* Surfs Up (Danny) */ = {
			isa = PBXGroup;
			children = (
				F59CEA6A158251150092948E /* Images */,
				F5BDB0A11581A5B70002DCB3 /* AppDelegate.h */,
				F5BDB0A21581A5B70002DCB3 /* AppDelegate.m */,
				F59CEA901582641F0092948E /* CustomTextField.m */,
				F59CEA8F1582641F0092948E /* CustomTextField.h */,
				F59CEA6215824C190092948E /* MainTripViewController.h */,
				F59CEA6315824C190092948E /* MainTripViewController.m */,
				F59CEA6515824D760092948E /* TripDetailViewController.h */,
				F59CEA6615824D760092948E /* TripDetailViewController.m */,
				F5BDB0A41581A5B70002DCB3 /* MainStoryboard.storyboard */,
				F59CEA5E15824AAB0092948E /* Trip.h */,
				F59CEA5F15824AAB0092948E /* Trip.m */,
				F5BDB0991581A5B70002DCB3 /* Supporting Files */,
			);
			path = "Surfs Up (Danny)";
			sourceTree = "<group>";
		};
		F5BDB0991581A5B70002DCB3 /* Supporting Files */ = {
			isa = PBXGroup;
			children = (
				F5BDB09A1581A5B70002DCB3 /* Surfs Up (Danny)-Info.plist */,
				F5BDB09B1581A5B70002DCB3 /* InfoPlist.strings */,
				F5BDB09E1581A5B70002DCB3 /* main.m */,
				F5BDB0A01581A5B70002DCB3 /* Surfs Up (Danny)-Prefix.pch */,
			);
			name = "Supporting Files";
			sourceTree = "<group>";
		};
/* End PBXGroup section */

/* Begin PBXNativeTarget section */
		F5BDB08D1581A5B70002DCB3 /* Surfs Up (Danny) */ = {
			isa = PBXNativeTarget;
			buildConfigurationList = F5BDB0AC1581A5B70002DCB3 /* Build configuration list for PBXNativeTarget "Surfs Up (Danny)" */;
			buildPhases = (
				F5BDB08A1581A5B70002DCB3 /* Sources */,
				F5BDB08B1581A5B70002DCB3 /* Frameworks */,
				F5BDB08C1581A5B70002DCB3 /* Resources */,
			);
			buildRules = (
			);
			dependencies = (
			);
			name = "Surfs Up (Danny)";
			productName = "Surfs Up (Danny)";
			productReference = F5BDB08E1581A5B70002DCB3 /* Surfs Up (Danny).app */;
			productType = "com.apple.product-type.application";
		};
/* End PBXNativeTarget section */

/* Begin PBXProject section */
		F5BDB0851581A5B70002DCB3 /* Project object */ = {
			isa = PBXProject;
			attributes = {
				LastUpgradeCheck = 0430;
			};
			buildConfigurationList = F5BDB0881581A5B70002DCB3 /* Build configuration list for PBXProject "Surfs Up (Danny)" */;
			compatibilityVersion = "Xcode 3.2";
			developmentRegion = English;
			hasScannedForEncodings = 0;
			knownRegions = (
				en,
			);
			mainGroup = F5BDB0831581A5B70002DCB3;
			productRefGroup = F5BDB08F1581A5B70002DCB3 /* Products */;
			projectDirPath = "";
			projectRoot = "";
			targets = (
				F5BDB08D1581A5B70002DCB3 /* Surfs Up (Danny) */,
			);
		};
/* End PBXProject section */

/* Begin PBXResourcesBuildPhase section */
		F5BDB08C1581A5B70002DCB3 /* Resources */ = {
			isa = PBXResourcesBuildPhase;
			buildActionMask = 2147483647;
			files = (
				F5BDB09D1581A5B70002DCB3 /* InfoPlist.strings in Resources */,
				F5BDB0A61581A5B70002DCB3 /* MainStoryboard.storyboard in Resources */,
				F59CEA691582510F0092948E /* bg_sand.png in Resources */,
				F59CEA6D158251B20092948E /* surf_gradient_textured_32.png in Resources */,
				F59CEA6E158251B20092948E /* surf_gradient_textured_44.png in Resources */,
				F59CEA71158256FB0092948E /* button_back_textured_24.png in Resources */,
				F59CEA72158256FB0092948E /* button_back_textured_30.png in Resources */,
				F59CEA75158258560092948E /* button_textured_24.png in Resources */,
				F59CEA76158258560092948E /* button_textured_30.png in Resources */,
				F59CEA7915825B2B0092948E /* tab_bg.png in Resources */,
				F59CEA7A15825B2B0092948E /* tab_select_indicator.png in Resources */,
				F59CEA8115825E130092948E /* slider_maximum.png in Resources */,
				F59CEA8215825E130092948E /* slider_minimum.png in Resources */,
				F59CEA8415825ECB0092948E /* thumb.png in Resources */,
				F59CEA8A1582600F0092948E /* segcontrol_sel-uns.png in Resources */,
				F59CEA8B1582600F0092948E /* segcontrol_sel.png in Resources */,
				F59CEA8C1582600F0092948E /* segcontrol_uns-sel.png in Resources */,
				F59CEA8D1582600F0092948E /* segcontrol_uns-uns.png in Resources */,
				F59CEA8E1582600F0092948E /* segcontrol_uns.png in Resources */,
				F59CEA92158264C70092948E /* text_field_teal.png in Resources */,
			);
			runOnlyForDeploymentPostprocessing = 0;
		};
/* End PBXResourcesBuildPhase section */

/* Begin PBXSourcesBuildPhase section */
		F5BDB08A1581A5B70002DCB3 /* Sources */ = {
			isa = PBXSourcesBuildPhase;
			buildActionMask = 2147483647;
			files = (
				F5BDB09F1581A5B70002DCB3 /* main.m in Sources */,
				F5BDB0A31581A5B70002DCB3 /* AppDelegate.m in Sources */,
				F59CEA6015824AAB0092948E /* Trip.m in Sources */,
				F59CEA6415824C190092948E /* MainTripViewController.m in Sources */,
				F59CEA6715824D760092948E /* TripDetailViewController.m in Sources */,
				F5C61EC61586D4A800BCB459 /* CustomTextField.m in Sources */,
			);
			runOnlyForDeploymentPostprocessing = 0;
		};
/* End PBXSourcesBuildPhase section */

/* Begin PBXVariantGroup section */
		F5BDB09B1581A5B70002DCB3 /* InfoPlist.strings */ = {
			isa = PBXVariantGroup;
			children = (
				F5BDB09C1581A5B70002DCB3 /* en */,
			);
			name = InfoPlist.strings;
			sourceTree = "<group>";
		};
		F5BDB0A41581A5B70002DCB3 /* MainStoryboard.storyboard */ = {
			isa = PBXVariantGroup;
			children = (
				F5BDB0A51581A5B70002DCB3 /* en */,
			);
			name = MainStoryboard.storyboard;
			sourceTree = "<group>";
		};
/* End PBXVariantGroup section */

/* Begin XCBuildConfiguration section */
		F5BDB0AA1581A5B70002DCB3 /* Debug */ = {
			isa = XCBuildConfiguration;
			buildSettings = {
				ALWAYS_SEARCH_USER_PATHS = NO;
				ARCHS = "$(ARCHS_STANDARD_32_BIT)";
				CLANG_ENABLE_OBJC_ARC = YES;
				"CODE_SIGN_IDENTITY[sdk=iphoneos*]" = "iPhone Developer";
				COPY_PHASE_STRIP = NO;
				GCC_C_LANGUAGE_STANDARD = gnu99;
				GCC_DYNAMIC_NO_PIC = NO;
				GCC_OPTIMIZATION_LEVEL = 0;
				GCC_PREPROCESSOR_DEFINITIONS = (
					"DEBUG=1",
					"$(inherited)",
				);
				GCC_SYMBOLS_PRIVATE_EXTERN = NO;
				GCC_VERSION = com.apple.compilers.llvm.clang.1_0;
				GCC_WARN_ABOUT_RETURN_TYPE = YES;
				GCC_WARN_UNINITIALIZED_AUTOS = YES;
				GCC_WARN_UNUSED_VARIABLE = YES;
				IPHONEOS_DEPLOYMENT_TARGET = 5.1;
				SDKROOT = iphoneos;
			};
			name = Debug;
		};
		F5BDB0AB1581A5B70002DCB3 /* Release */ = {
			isa = XCBuildConfiguration;
			buildSettings = {
				ALWAYS_SEARCH_USER_PATHS = NO;
				ARCHS = "$(ARCHS_STANDARD_32_BIT)";
				CLANG_ENABLE_OBJC_ARC = YES;
				"CODE_SIGN_IDENTITY[sdk=iphoneos*]" = "iPhone Developer";
				COPY_PHASE_STRIP = YES;
				GCC_C_LANGUAGE_STANDARD = gnu99;
				GCC_VERSION = com.apple.compilers.llvm.clang.1_0;
				GCC_WARN_ABOUT_RETURN_TYPE = YES;
				GCC_WARN_UNINITIALIZED_AUTOS = YES;
				GCC_WARN_UNUSED_VARIABLE = YES;
				IPHONEOS_DEPLOYMENT_TARGET = 5.1;
				OTHER_CFLAGS = "-DNS_BLOCK_ASSERTIONS=1";
				SDKROOT = iphoneos;
				VALIDATE_PRODUCT = YES;
			};
			name = Release;
		};
		F5BDB0AD1581A5B70002DCB3 /* Debug */ = {
			isa = XCBuildConfiguration;
			buildSettings = {
				GCC_PRECOMPILE_PREFIX_HEADER = YES;
				GCC_PREFIX_HEADER = "Surfs Up (Danny)/Surfs Up (Danny)-Prefix.pch";
				INFOPLIST_FILE = "Surfs Up (Danny)/Surfs Up (Danny)-Info.plist";
				PRODUCT_NAME = "$(TARGET_NAME)";
				WRAPPER_EXTENSION = app;
			};
			name = Debug;
		};
		F5BDB0AE1581A5B70002DCB3 /* Release */ = {
			isa = XCBuildConfiguration;
			buildSettings = {
				GCC_PRECOMPILE_PREFIX_HEADER = YES;
				GCC_PREFIX_HEADER = "Surfs Up (Danny)/Surfs Up (Danny)-Prefix.pch";
				INFOPLIST_FILE = "Surfs Up (Danny)/Surfs Up (Danny)-Info.plist";
				PRODUCT_NAME = "$(TARGET_NAME)";
				WRAPPER_EXTENSION = app;
			};
			name = Release;
		};
/* End XCBuildConfiguration section */

/* Begin XCConfigurationList section */
		F5BDB0881581A5B70002DCB3 /* Build configuration list for PBXProject "Surfs Up (Danny)" */ = {
			isa = XCConfigurationList;
			buildConfigurations = (
				F5BDB0AA1581A5B70002DCB3 /* Debug */,
				F5BDB0AB1581A5B70002DCB3 /* Release */,
			);
			defaultConfigurationIsVisible = 0;
			defaultConfigurationName = Release;
		};
		F5BDB0AC1581A5B70002DCB3 /* Build configuration list for PBXNativeTarget "Surfs Up (Danny)" */ = {
			isa = XCConfigurationList;
			buildConfigurations = (
				F5BDB0AD1581A5B70002DCB3 /* Debug */,
				F5BDB0AE1581A5B70002DCB3 /* Release */,
			);
			defaultConfigurationIsVisible = 0;
			defaultConfigurationName = Release;
		};
/* End XCConfigurationList section */
	};
	rootObject = F5BDB0851581A5B70002DCB3 /* Project object */;
}
